
Microsoft Visual Studio Solution File, Format Version 12.00
# Visual Studio Version 17
VisualStudioVersion = 17.0.31903.59
MinimumVisualStudioVersion = 10.0.40219.1
Project("{2150E333-8FDC-42A3-9474-1A3956D46DE8}") = "src", "src", "{1AACE093-FDC4-46F8-BEE3-3A1C995ED593}"
EndProject
Project("{2150E333-8FDC-42A3-9474-1A3956D46DE8}") = "ApiGateway", "ApiGateway", "{0F3C6575-EB56-470D-A576-3F99E8DAB96F}"
EndProject
Project("{FAE04EC0-301F-11D3-BF4B-00C04F79EFBC}") = "OcelotGateway", "src\ApiGateway\OcelotGateway\OcelotGateway.csproj", "{B037B20E-37A0-4CFC-A45C-584FBC02682B}"
EndProject
Project("{2150E333-8FDC-42A3-9474-1A3956D46DE8}") = "Services", "Services", "{418DC4C9-5465-4EAE-9ED1-EBA9B3C7A470}"
EndProject
Project("{2150E333-8FDC-42A3-9474-1A3956D46DE8}") = "AuthService", "AuthService", "{0FF14EFC-D538-44EF-865E-926F6BD72EA5}"
EndProject
Project("{FAE04EC0-301F-11D3-BF4B-00C04F79EFBC}") = "AuthService", "src\Services\AuthService\AuthService\AuthService.csproj", "{16079B9B-8D9F-4615-818B-30832024732C}"
EndProject
Project("{2150E333-8FDC-42A3-9474-1A3956D46DE8}") = "CartService", "CartService", "{54288308-BCAE-4881-91D4-B51A3FA52FE2}"
EndProject
Project("{FAE04EC0-301F-11D3-BF4B-00C04F79EFBC}") = "CartService", "src\Services\CartService\CartService\CartService.csproj", "{9B1F0AA4-5838-42B6-A08B-A05522A95C3E}"
EndProject
Project("{2150E333-8FDC-42A3-9474-1A3956D46DE8}") = "NotificationService", "NotificationService", "{FDF9D9D2-7C07-4161-A10C-4DC484C4A5B5}"
EndProject
Project("{FAE04EC0-301F-11D3-BF4B-00C04F79EFBC}") = "NotificationService", "src\Services\NotificationService\NotificationService\NotificationService.csproj", "{A5B764CC-A451-4CB1-8A4B-D51E2B61F94D}"
EndProject
Project("{2150E333-8FDC-42A3-9474-1A3956D46DE8}") = "OrderService", "OrderService", "{36836439-9661-4020-9DAA-F7BB67A9A5DD}"
EndProject
Project("{FAE04EC0-301F-11D3-BF4B-00C04F79EFBC}") = "OrderService", "src\Services\OrderService\OrderService\OrderService.csproj", "{A4FDE8D5-5D43-4EB0-B46D-D16CFB8D7D56}"
EndProject
Project("{2150E333-8FDC-42A3-9474-1A3956D46DE8}") = "PaymentService", "PaymentService", "{CCCA937F-0AEF-45D4-AFEA-43558A78600E}"
EndProject
Project("{FAE04EC0-301F-11D3-BF4B-00C04F79EFBC}") = "PaymentService", "src\Services\PaymentService\PaymentService\PaymentService.csproj", "{0762F41E-EF45-4DCC-9F6A-BE3E62AEE0AC}"
EndProject
Project("{2150E333-8FDC-42A3-9474-1A3956D46DE8}") = "ProductService", "ProductService", "{3E9E0BA4-E18B-47E7-A802-5D64B498C50F}"
EndProject
Project("{FAE04EC0-301F-11D3-BF4B-00C04F79EFBC}") = "ProductService", "src\Services\ProductService\ProductService\ProductService.csproj", "{513332FA-B754-4750-85B7-A02FA413145F}"
EndProject
Project("{2150E333-8FDC-42A3-9474-1A3956D46DE8}") = "ReviewService", "ReviewService", "{361E4D15-0B91-4F4A-881A-8E04516EEBE8}"
EndProject
Project("{FAE04EC0-301F-11D3-BF4B-00C04F79EFBC}") = "ReviewService", "src\Services\ReviewService\ReviewService\ReviewService.csproj", "{AF360BC6-0395-4062-B1A9-225DC4DFE9A6}"
EndProject
Project("{2150E333-8FDC-42A3-9474-1A3956D46DE8}") = "ElasticStack", "ElasticStack", "{5D4D2A96-F7D2-4138-AF36-048DE431CCD4}"
EndProject
Project("{FAE04EC0-301F-11D3-BF4B-00C04F79EFBC}") = "Elk", "src\ElasticStack\Elk\Elk.csproj", "{82497C17-3E97-4BB0-9E26-D37C9E8D9B67}"
EndProject
Project("{2150E333-8FDC-42A3-9474-1A3956D46DE8}") = "Monitoring", "Monitoring", "{BC11EF38-7884-456B-9D42-3F0E7D7D41EE}"
EndProject
Project("{FAE04EC0-301F-11D3-BF4B-00C04F79EFBC}") = "Monitoring", "src\Monitoring\Monitoring\Monitoring.csproj", "{FF1AB04C-4878-46BA-B910-5650CFBFB1C2}"
EndProject
Project("{2150E333-8FDC-42A3-9474-1A3956D46DE8}") = "Shared", "Shared", "{725CB3C8-C1F6-4D79-BDE2-07E14583CAA3}"
EndProject
Project("{FAE04EC0-301F-11D3-BF4B-00C04F79EFBC}") = "SharedLibrary", "src\Shared\SharedLibrary\SharedLibrary.csproj", "{4C39D27B-D7F2-4C0B-8F8C-29A7CA95F342}"
EndProject
Project("{E53339B2-1760-4266-BCC7-CA923CBCF16C}") = "docker-compose", "docker-compose.dcproj", "{43588F83-07EE-4CBC-B2E3-132F03611DE7}"
EndProject
Global
	GlobalSection(SolutionConfigurationPlatforms) = preSolution
		Debug|Any CPU = Debug|Any CPU
		Release|Any CPU = Release|Any CPU
	EndGlobalSection
	GlobalSection(ProjectConfigurationPlatforms) = postSolution
		{B037B20E-37A0-4CFC-A45C-584FBC02682B}.Debug|Any CPU.ActiveCfg = Debug|Any CPU
		{B037B20E-37A0-4CFC-A45C-584FBC02682B}.Debug|Any CPU.Build.0 = Debug|Any CPU
		{B037B20E-37A0-4CFC-A45C-584FBC02682B}.Release|Any CPU.ActiveCfg = Release|Any CPU
		{B037B20E-37A0-4CFC-A45C-584FBC02682B}.Release|Any CPU.Build.0 = Release|Any CPU
		{16079B9B-8D9F-4615-818B-30832024732C}.Debug|Any CPU.ActiveCfg = Debug|Any CPU
		{16079B9B-8D9F-4615-818B-30832024732C}.Debug|Any CPU.Build.0 = Debug|Any CPU
		{16079B9B-8D9F-4615-818B-30832024732C}.Release|Any CPU.ActiveCfg = Release|Any CPU
		{16079B9B-8D9F-4615-818B-30832024732C}.Release|Any CPU.Build.0 = Release|Any CPU
		{9B1F0AA4-5838-42B6-A08B-A05522A95C3E}.Debug|Any CPU.ActiveCfg = Debug|Any CPU
		{9B1F0AA4-5838-42B6-A08B-A05522A95C3E}.Debug|Any CPU.Build.0 = Debug|Any CPU
		{9B1F0AA4-5838-42B6-A08B-A05522A95C3E}.Release|Any CPU.ActiveCfg = Release|Any CPU
		{9B1F0AA4-5838-42B6-A08B-A05522A95C3E}.Release|Any CPU.Build.0 = Release|Any CPU
		{A5B764CC-A451-4CB1-8A4B-D51E2B61F94D}.Debug|Any CPU.ActiveCfg = Debug|Any CPU
		{A5B764CC-A451-4CB1-8A4B-D51E2B61F94D}.Debug|Any CPU.Build.0 = Debug|Any CPU
		{A5B764CC-A451-4CB1-8A4B-D51E2B61F94D}.Release|Any CPU.ActiveCfg = Release|Any CPU
		{A5B764CC-A451-4CB1-8A4B-D51E2B61F94D}.Release|Any CPU.Build.0 = Release|Any CPU
		{A4FDE8D5-5D43-4EB0-B46D-D16CFB8D7D56}.Debug|Any CPU.ActiveCfg = Debug|Any CPU
		{A4FDE8D5-5D43-4EB0-B46D-D16CFB8D7D56}.Debug|Any CPU.Build.0 = Debug|Any CPU
		{A4FDE8D5-5D43-4EB0-B46D-D16CFB8D7D56}.Release|Any CPU.ActiveCfg = Release|Any CPU
		{A4FDE8D5-5D43-4EB0-B46D-D16CFB8D7D56}.Release|Any CPU.Build.0 = Release|Any CPU
		{0762F41E-EF45-4DCC-9F6A-BE3E62AEE0AC}.Debug|Any CPU.ActiveCfg = Debug|Any CPU
		{0762F41E-EF45-4DCC-9F6A-BE3E62AEE0AC}.Debug|Any CPU.Build.0 = Debug|Any CPU
		{0762F41E-EF45-4DCC-9F6A-BE3E62AEE0AC}.Release|Any CPU.ActiveCfg = Release|Any CPU
		{0762F41E-EF45-4DCC-9F6A-BE3E62AEE0AC}.Release|Any CPU.Build.0 = Release|Any CPU
		{513332FA-B754-4750-85B7-A02FA413145F}.Debug|Any CPU.ActiveCfg = Debug|Any CPU
		{513332FA-B754-4750-85B7-A02FA413145F}.Debug|Any CPU.Build.0 = Debug|Any CPU
		{513332FA-B754-4750-85B7-A02FA413145F}.Release|Any CPU.ActiveCfg = Release|Any CPU
		{513332FA-B754-4750-85B7-A02FA413145F}.Release|Any CPU.Build.0 = Release|Any CPU
		{AF360BC6-0395-4062-B1A9-225DC4DFE9A6}.Debug|Any CPU.ActiveCfg = Debug|Any CPU
		{AF360BC6-0395-4062-B1A9-225DC4DFE9A6}.Debug|Any CPU.Build.0 = Debug|Any CPU
		{AF360BC6-0395-4062-B1A9-225DC4DFE9A6}.Release|Any CPU.ActiveCfg = Release|Any CPU
		{AF360BC6-0395-4062-B1A9-225DC4DFE9A6}.Release|Any CPU.Build.0 = Release|Any CPU
		{82497C17-3E97-4BB0-9E26-D37C9E8D9B67}.Debug|Any CPU.ActiveCfg = Debug|Any CPU
		{82497C17-3E97-4BB0-9E26-D37C9E8D9B67}.Debug|Any CPU.Build.0 = Debug|Any CPU
		{82497C17-3E97-4BB0-9E26-D37C9E8D9B67}.Release|Any CPU.ActiveCfg = Release|Any CPU
		{82497C17-3E97-4BB0-9E26-D37C9E8D9B67}.Release|Any CPU.Build.0 = Release|Any CPU
		{FF1AB04C-4878-46BA-B910-5650CFBFB1C2}.Debug|Any CPU.ActiveCfg = Debug|Any CPU
		{FF1AB04C-4878-46BA-B910-5650CFBFB1C2}.Debug|Any CPU.Build.0 = Debug|Any CPU
		{FF1AB04C-4878-46BA-B910-5650CFBFB1C2}.Release|Any CPU.ActiveCfg = Release|Any CPU
		{FF1AB04C-4878-46BA-B910-5650CFBFB1C2}.Release|Any CPU.Build.0 = Release|Any CPU
		{4C39D27B-D7F2-4C0B-8F8C-29A7CA95F342}.Debug|Any CPU.ActiveCfg = Debug|Any CPU
		{4C39D27B-D7F2-4C0B-8F8C-29A7CA95F342}.Debug|Any CPU.Build.0 = Debug|Any CPU
		{4C39D27B-D7F2-4C0B-8F8C-29A7CA95F342}.Release|Any CPU.ActiveCfg = Release|Any CPU
		{4C39D27B-D7F2-4C0B-8F8C-29A7CA95F342}.Release|Any CPU.Build.0 = Release|Any CPU
		{43588F83-07EE-4CBC-B2E3-132F03611DE7}.Debug|Any CPU.ActiveCfg = Debug|Any CPU
		{43588F83-07EE-4CBC-B2E3-132F03611DE7}.Debug|Any CPU.Build.0 = Debug|Any CPU
		{43588F83-07EE-4CBC-B2E3-132F03611DE7}.Release|Any CPU.ActiveCfg = Release|Any CPU
		{43588F83-07EE-4CBC-B2E3-132F03611DE7}.Release|Any CPU.Build.0 = Release|Any CPU
	EndGlobalSection
	GlobalSection(SolutionProperties) = preSolution
		HideSolutionNode = FALSE
	EndGlobalSection
	GlobalSection(NestedProjects) = preSolution
		{0F3C6575-EB56-470D-A576-3F99E8DAB96F} = {1AACE093-FDC4-46F8-BEE3-3A1C995ED593}
		{B037B20E-37A0-4CFC-A45C-584FBC02682B} = {0F3C6575-EB56-470D-A576-3F99E8DAB96F}
		{418DC4C9-5465-4EAE-9ED1-EBA9B3C7A470} = {1AACE093-FDC4-46F8-BEE3-3A1C995ED593}
		{0FF14EFC-D538-44EF-865E-926F6BD72EA5} = {418DC4C9-5465-4EAE-9ED1-EBA9B3C7A470}
		{16079B9B-8D9F-4615-818B-30832024732C} = {0FF14EFC-D538-44EF-865E-926F6BD72EA5}
		{54288308-BCAE-4881-91D4-B51A3FA52FE2} = {418DC4C9-5465-4EAE-9ED1-EBA9B3C7A470}
		{9B1F0AA4-5838-42B6-A08B-A05522A95C3E} = {54288308-BCAE-4881-91D4-B51A3FA52FE2}
		{FDF9D9D2-7C07-4161-A10C-4DC484C4A5B5} = {418DC4C9-5465-4EAE-9ED1-EBA9B3C7A470}
		{A5B764CC-A451-4CB1-8A4B-D51E2B61F94D} = {FDF9D9D2-7C07-4161-A10C-4DC484C4A5B5}
		{36836439-9661-4020-9DAA-F7BB67A9A5DD} = {418DC4C9-5465-4EAE-9ED1-EBA9B3C7A470}
		{A4FDE8D5-5D43-4EB0-B46D-D16CFB8D7D56} = {36836439-9661-4020-9DAA-F7BB67A9A5DD}
		{CCCA937F-0AEF-45D4-AFEA-43558A78600E} = {418DC4C9-5465-4EAE-9ED1-EBA9B3C7A470}
		{0762F41E-EF45-4DCC-9F6A-BE3E62AEE0AC} = {CCCA937F-0AEF-45D4-AFEA-43558A78600E}
		{3E9E0BA4-E18B-47E7-A802-5D64B498C50F} = {418DC4C9-5465-4EAE-9ED1-EBA9B3C7A470}
		{513332FA-B754-4750-85B7-A02FA413145F} = {3E9E0BA4-E18B-47E7-A802-5D64B498C50F}
		{361E4D15-0B91-4F4A-881A-8E04516EEBE8} = {418DC4C9-5465-4EAE-9ED1-EBA9B3C7A470}
		{AF360BC6-0395-4062-B1A9-225DC4DFE9A6} = {361E4D15-0B91-4F4A-881A-8E04516EEBE8}
		{5D4D2A96-F7D2-4138-AF36-048DE431CCD4} = {1AACE093-FDC4-46F8-BEE3-3A1C995ED593}
		{82497C17-3E97-4BB0-9E26-D37C9E8D9B67} = {5D4D2A96-F7D2-4138-AF36-048DE431CCD4}
		{BC11EF38-7884-456B-9D42-3F0E7D7D41EE} = {1AACE093-FDC4-46F8-BEE3-3A1C995ED593}
		{FF1AB04C-4878-46BA-B910-5650CFBFB1C2} = {BC11EF38-7884-456B-9D42-3F0E7D7D41EE}
		{725CB3C8-C1F6-4D79-BDE2-07E14583CAA3} = {1AACE093-FDC4-46F8-BEE3-3A1C995ED593}
		{4C39D27B-D7F2-4C0B-8F8C-29A7CA95F342} = {725CB3C8-C1F6-4D79-BDE2-07E14583CAA3}
	EndGlobalSection
EndGlobal
